// !$*UTF8*$!
{
	archiveVersion = 1;
	classes = {
	};
	objectVersion = 46;
	objects = {

/* Begin PBXBuildFile section */
		169362BA1E4FBBB500F9B79B /* Main.storyboard in Resources */ = {isa = PBXBuildFile; fileRef = 169362B81E4FBBB500F9B79B /* Main.storyboard */; };
		169362BC1E4FBBB500F9B79B /* Assets.xcassets in Resources */ = {isa = PBXBuildFile; fileRef = 169362BB1E4FBBB500F9B79B /* Assets.xcassets */; };
		169362BF1E4FBBB500F9B79B /* LaunchScreen.storyboard in Resources */ = {isa = PBXBuildFile; fileRef = 169362BD1E4FBBB500F9B79B /* LaunchScreen.storyboard */; };
		169362C71E4FC25500F9B79B /* IntroViewController.swift in Sources */ = {isa = PBXBuildFile; fileRef = 169362C61E4FC25500F9B79B /* IntroViewController.swift */; };
		901391411E50C57C00ABD3C5 /* ShoppingViewController.swift in Sources */ = {isa = PBXBuildFile; fileRef = 901391401E50C57C00ABD3C5 /* ShoppingViewController.swift */; };
		908BC4DB1E8CAEF200AB2380 /* Models.swift in Sources */ = {isa = PBXBuildFile; fileRef = 908BC4DA1E8CAEF200AB2380 /* Models.swift */; };
		908BC4DD1E8CAF3B00AB2380 /* CategoryCell.swift in Sources */ = {isa = PBXBuildFile; fileRef = 908BC4DC1E8CAF3B00AB2380 /* CategoryCell.swift */; };
		908BC4DF1E8CAF8000AB2380 /* AppDelegate.swift in Sources */ = {isa = PBXBuildFile; fileRef = 908BC4DE1E8CAF8000AB2380 /* AppDelegate.swift */; };
		908BC4E11E8CB02D00AB2380 /* ViewController.swift in Sources */ = {isa = PBXBuildFile; fileRef = 908BC4E01E8CB02D00AB2380 /* ViewController.swift */; };
		908BC4E41E8CB10600AB2380 /* BundleClasses.swift in Sources */ = {isa = PBXBuildFile; fileRef = 908BC4E31E8CB10600AB2380 /* BundleClasses.swift */; };
		909F16C81E50B311009FC2C4 /* Preparation.swift in Sources */ = {isa = PBXBuildFile; fileRef = 909F16C71E50B311009FC2C4 /* Preparation.swift */; };
		909F16CA1E50B327009FC2C4 /* CookBook.swift in Sources */ = {isa = PBXBuildFile; fileRef = 909F16C91E50B327009FC2C4 /* CookBook.swift */; };
		909F16CC1E50B33C009FC2C4 /* Share.swift in Sources */ = {isa = PBXBuildFile; fileRef = 909F16CB1E50B33C009FC2C4 /* Share.swift */; };
/* End PBXBuildFile section */

/* Begin PBXFileReference section */
		169362B11E4FBBB500F9B79B /* Bundled.app */ = {isa = PBXFileReference; explicitFileType = wrapper.application; includeInIndex = 0; path = Bundled.app; sourceTree = BUILT_PRODUCTS_DIR; };
		169362B91E4FBBB500F9B79B /* Base */ = {isa = PBXFileReference; lastKnownFileType = file.storyboard; name = Base; path = Base.lproj/Main.storyboard; sourceTree = "<group>"; };
		169362BB1E4FBBB500F9B79B /* Assets.xcassets */ = {isa = PBXFileReference; lastKnownFileType = folder.assetcatalog; path = Assets.xcassets; sourceTree = "<group>"; };
		169362BE1E4FBBB500F9B79B /* Base */ = {isa = PBXFileReference; lastKnownFileType = file.storyboard; name = Base; path = Base.lproj/LaunchScreen.storyboard; sourceTree = "<group>"; };
		169362C01E4FBBB500F9B79B /* Info.plist */ = {isa = PBXFileReference; lastKnownFileType = text.plist.xml; path = Info.plist; sourceTree = "<group>"; };
		169362C61E4FC25500F9B79B /* IntroViewController.swift */ = {isa = PBXFileReference; fileEncoding = 4; lastKnownFileType = sourcecode.swift; path = IntroViewController.swift; sourceTree = "<group>"; };
		901391401E50C57C00ABD3C5 /* ShoppingViewController.swift */ = {isa = PBXFileReference; fileEncoding = 4; lastKnownFileType = sourcecode.swift; path = ShoppingViewController.swift; sourceTree = "<group>"; };
		908BC4DA1E8CAEF200AB2380 /* Models.swift */ = {isa = PBXFileReference; fileEncoding = 4; lastKnownFileType = sourcecode.swift; path = Models.swift; sourceTree = "<group>"; };
		908BC4DC1E8CAF3B00AB2380 /* CategoryCell.swift */ = {isa = PBXFileReference; fileEncoding = 4; lastKnownFileType = sourcecode.swift; path = CategoryCell.swift; sourceTree = "<group>"; };
		908BC4DE1E8CAF8000AB2380 /* AppDelegate.swift */ = {isa = PBXFileReference; fileEncoding = 4; lastKnownFileType = sourcecode.swift; path = AppDelegate.swift; sourceTree = "<group>"; };
		908BC4E01E8CB02D00AB2380 /* ViewController.swift */ = {isa = PBXFileReference; fileEncoding = 4; lastKnownFileType = sourcecode.swift; path = ViewController.swift; sourceTree = "<group>"; };
		908BC4E31E8CB10600AB2380 /* BundleClasses.swift */ = {isa = PBXFileReference; fileEncoding = 4; lastKnownFileType = sourcecode.swift; path = BundleClasses.swift; sourceTree = "<group>"; };
		909F16C71E50B311009FC2C4 /* Preparation.swift */ = {isa = PBXFileReference; fileEncoding = 4; lastKnownFileType = sourcecode.swift; path = Preparation.swift; sourceTree = "<group>"; };
		909F16C91E50B327009FC2C4 /* CookBook.swift */ = {isa = PBXFileReference; fileEncoding = 4; lastKnownFileType = sourcecode.swift; path = CookBook.swift; sourceTree = "<group>"; };
		909F16CB1E50B33C009FC2C4 /* Share.swift */ = {isa = PBXFileReference; fileEncoding = 4; lastKnownFileType = sourcecode.swift; path = Share.swift; sourceTree = "<group>"; };
/* End PBXFileReference section */

/* Begin PBXFrameworksBuildPhase section */
		169362AE1E4FBBB500F9B79B /* Frameworks */ = {
			isa = PBXFrameworksBuildPhase;
			buildActionMask = 2147483647;
			files = (
			);
			runOnlyForDeploymentPostprocessing = 0;
		};
/* End PBXFrameworksBuildPhase section */

/* Begin PBXGroup section */
		169362A81E4FBBB500F9B79B = {
			isa = PBXGroup;
			children = (
				169362B31E4FBBB500F9B79B /* Bundled */,
				169362B21E4FBBB500F9B79B /* Products */,
			);
			sourceTree = "<group>";
		};
		169362B21E4FBBB500F9B79B /* Products */ = {
			isa = PBXGroup;
			children = (
				169362B11E4FBBB500F9B79B /* Bundled.app */,
			);
			name = Products;
			sourceTree = "<group>";
		};
		169362B31E4FBBB500F9B79B /* Bundled */ = {
			isa = PBXGroup;
			children = (
				908BC4E21E8CB0E200AB2380 /* models */,
				908BC4DC1E8CAF3B00AB2380 /* CategoryCell.swift */,
				908BC4DE1E8CAF8000AB2380 /* AppDelegate.swift */,
				908BC4E01E8CB02D00AB2380 /* ViewController.swift */,
				169362B81E4FBBB500F9B79B /* Main.storyboard */,
				169362BB1E4FBBB500F9B79B /* Assets.xcassets */,
				169362BD1E4FBBB500F9B79B /* LaunchScreen.storyboard */,
				169362C01E4FBBB500F9B79B /* Info.plist */,
				169362C61E4FC25500F9B79B /* IntroViewController.swift */,
				901391401E50C57C00ABD3C5 /* ShoppingViewController.swift */,
				909F16C71E50B311009FC2C4 /* Preparation.swift */,
				909F16C91E50B327009FC2C4 /* CookBook.swift */,
				909F16CB1E50B33C009FC2C4 /* Share.swift */,
			);
			path = Bundled;
			sourceTree = "<group>";
		};
		908BC4E21E8CB0E200AB2380 /* models */ = {
			isa = PBXGroup;
			children = (
				908BC4DA1E8CAEF200AB2380 /* Models.swift */,
				908BC4E31E8CB10600AB2380 /* BundleClasses.swift */,
			);
			name = models;
			sourceTree = "<group>";
		};
/* End PBXGroup section */

/* Begin PBXNativeTarget section */
		169362B01E4FBBB500F9B79B /* Bundled */ = {
			isa = PBXNativeTarget;
			buildConfigurationList = 169362C31E4FBBB500F9B79B /* Build configuration list for PBXNativeTarget "Bundled" */;
			buildPhases = (
				169362AD1E4FBBB500F9B79B /* Sources */,
				169362AE1E4FBBB500F9B79B /* Frameworks */,
				169362AF1E4FBBB500F9B79B /* Resources */,
			);
			buildRules = (
			);
			dependencies = (
			);
			name = Bundled;
			productName = Bundled;
			productReference = 169362B11E4FBBB500F9B79B /* Bundled.app */;
			productType = "com.apple.product-type.application";
		};
/* End PBXNativeTarget section */

/* Begin PBXProject section */
		169362A91E4FBBB500F9B79B /* Project object */ = {
			isa = PBXProject;
			attributes = {
				LastSwiftUpdateCheck = 0820;
				LastUpgradeCheck = 0820;
				ORGANIZATIONNAME = "si zhang";
				TargetAttributes = {
					169362B01E4FBBB500F9B79B = {
						CreatedOnToolsVersion = 8.2.1;
						DevelopmentTeam = U6J58C8CJT;
						ProvisioningStyle = Automatic;
					};
				};
			};
			buildConfigurationList = 169362AC1E4FBBB500F9B79B /* Build configuration list for PBXProject "Bundled" */;
			compatibilityVersion = "Xcode 3.2";
			developmentRegion = English;
			hasScannedForEncodings = 0;
			knownRegions = (
				en,
				Base,
			);
			mainGroup = 169362A81E4FBBB500F9B79B;
			productRefGroup = 169362B21E4FBBB500F9B79B /* Products */;
			projectDirPath = "";
			projectRoot = "";
			targets = (
				169362B01E4FBBB500F9B79B /* Bundled */,
			);
		};
/* End PBXProject section */

/* Begin PBXResourcesBuildPhase section */
		169362AF1E4FBBB500F9B79B /* Resources */ = {
			isa = PBXResourcesBuildPhase;
			buildActionMask = 2147483647;
			files = (
				169362BF1E4FBBB500F9B79B /* LaunchScreen.storyboard in Resources */,
				169362BC1E4FBBB500F9B79B /* Assets.xcassets in Resources */,
				169362BA1E4FBBB500F9B79B /* Main.storyboard in Resources */,
			);
			runOnlyForDeploymentPostprocessing = 0;
		};
/* End PBXResourcesBuildPhase section */

/* Begin PBXSourcesBuildPhase section */
		169362AD1E4FBBB500F9B79B /* Sources */ = {
			isa = PBXSourcesBuildPhase;
			buildActionMask = 2147483647;
			files = (
				908BC4E11E8CB02D00AB2380 /* ViewController.swift in Sources */,
				908BC4DD1E8CAF3B00AB2380 /* CategoryCell.swift in Sources */,
				909F16C81E50B311009FC2C4 /* Preparation.swift in Sources */,
				901391411E50C57C00ABD3C5 /* ShoppingViewController.swift in Sources */,
				908BC4DB1E8CAEF200AB2380 /* Models.swift in Sources */,
				908BC4E41E8CB10600AB2380 /* BundleClasses.swift in Sources */,
				909F16CC1E50B33C009FC2C4 /* Share.swift in Sources */,
				908BC4DF1E8CAF8000AB2380 /* AppDelegate.swift in Sources */,
				169362C71E4FC25500F9B79B /* IntroViewController.swift in Sources */,
				909F16CA1E50B327009FC2C4 /* CookBook.swift in Sources */,
			);
			runOnlyForDeploymentPostprocessing = 0;
		};
/* End PBXSourcesBuildPhase section */

/* Begin PBXVariantGroup section */
		169362B81E4FBBB500F9B79B /* Main.storyboard */ = {
			isa = PBXVariantGroup;
			children = (
				169362B91E4FBBB500F9B79B /* Base */,
			);
			name = Main.storyboard;
			sourceTree = "<group>";
		};
		169362BD1E4FBBB500F9B79B /* LaunchScreen.storyboard */ = {
			isa = PBXVariantGroup;
			children = (
				169362BE1E4FBBB500F9B79B /* Base */,
			);
			name = LaunchScreen.storyboard;
			sourceTree = "<group>";
		};
/* End PBXVariantGroup section */

/* Begin XCBuildConfiguration section */
		169362C11E4FBBB500F9B79B /* Debug */ = {
			isa = XCBuildConfiguration;
			buildSettings = {
				ALWAYS_SEARCH_USER_PATHS = NO;
				CLANG_ANALYZER_NONNULL = YES;
				CLANG_CXX_LANGUAGE_STANDARD = "gnu++0x";
				CLANG_CXX_LIBRARY = "libc++";
				CLANG_ENABLE_MODULES = YES;
				CLANG_ENABLE_OBJC_ARC = YES;
				CLANG_WARN_BOOL_CONVERSION = YES;
				CLANG_WARN_CONSTANT_CONVERSION = YES;
				CLANG_WARN_DIRECT_OBJC_ISA_USAGE = YES_ERROR;
				CLANG_WARN_DOCUMENTATION_COMMENTS = YES;
				CLANG_WARN_EMPTY_BODY = YES;
				CLANG_WARN_ENUM_CONVERSION = YES;
				CLANG_WARN_INFINITE_RECURSION = YES;
				CLANG_WARN_INT_CONVERSION = YES;
				CLANG_WARN_OBJC_ROOT_CLASS = YES_ERROR;
				CLANG_WARN_SUSPICIOUS_MOVE = YES;
				CLANG_WARN_UNREACHABLE_CODE = YES;
				CLANG_WARN__DUPLICATE_METHOD_MATCH = YES;
				"CODE_SIGN_IDENTITY[sdk=iphoneos*]" = "iPhone Developer";
				COPY_PHASE_STRIP = NO;
				DEBUG_INFORMATION_FORMAT = dwarf;
				ENABLE_STRICT_OBJC_MSGSEND = YES;
				ENABLE_TESTABILITY = YES;
				GCC_C_LANGUAGE_STANDARD = gnu99;
				GCC_DYNAMIC_NO_PIC = NO;
				GCC_NO_COMMON_BLOCKS = YES;
				GCC_OPTIMIZATION_LEVEL = 0;
				GCC_PREPROCESSOR_DEFINITIONS = (
					"DEBUG=1",
					"$(inherited)",
				);
				GCC_WARN_64_TO_32_BIT_CONVERSION = YES;
				GCC_WARN_ABOUT_RETURN_TYPE = YES_ERROR;
				GCC_WARN_UNDECLARED_SELECTOR = YES;
				GCC_WARN_UNINITIALIZED_AUTOS = YES_AGGRESSIVE;
				GCC_WARN_UNUSED_FUNCTION = YES;
				GCC_WARN_UNUSED_VARIABLE = YES;
				IPHONEOS_DEPLOYMENT_TARGET = 10.2;
				MTL_ENABLE_DEBUG_INFO = YES;
				ONLY_ACTIVE_ARCH = YES;
				SDKROOT = iphoneos;
				SWIFT_ACTIVE_COMPILATION_CONDITIONS = DEBUG;
				SWIFT_OPTIMIZATION_LEVEL = "-Onone";
			};
			name = Debug;
		};
		169362C21E4FBBB500F9B79B /* Release */ = {
			isa = XCBuildConfiguration;
			buildSettings = {
				ALWAYS_SEARCH_USER_PATHS = NO;
				CLANG_ANALYZER_NONNULL = YES;
				CLANG_CXX_LANGUAGE_STANDARD = "gnu++0x";
				CLANG_CXX_LIBRARY = "libc++";
				CLANG_ENABLE_MODULES = YES;
				CLANG_ENABLE_OBJC_ARC = YES;
				CLANG_WARN_BOOL_CONVERSION = YES;
				CLANG_WARN_CONSTANT_CONVERSION = YES;
				CLANG_WARN_DIRECT_OBJC_ISA_USAGE = YES_ERROR;
				CLANG_WARN_DOCUMENTATION_COMMENTS = YES;
				CLANG_WARN_EMPTY_BODY = YES;
				CLANG_WARN_ENUM_CONVERSION = YES;
				CLANG_WARN_INFINITE_RECURSION = YES;
				CLANG_WARN_INT_CONVERSION = YES;
				CLANG_WARN_OBJC_ROOT_CLASS = YES_ERROR;
				CLANG_WARN_SUSPICIOUS_MOVE = YES;
				CLANG_WARN_UNREACHABLE_CODE = YES;
				CLANG_WARN__DUPLICATE_METHOD_MATCH = YES;
				"CODE_SIGN_IDENTITY[sdk=iphoneos*]" = "iPhone Developer";
				COPY_PHASE_STRIP = NO;
				DEBUG_INFORMATION_FORMAT = "dwarf-with-dsym";
				ENABLE_NS_ASSERTIONS = NO;
				ENABLE_STRICT_OBJC_MSGSEND = YES;
				GCC_C_LANGUAGE_STANDARD = gnu99;
				GCC_NO_COMMON_BLOCKS = YES;
				GCC_WARN_64_TO_32_BIT_CONVERSION = YES;
				GCC_WARN_ABOUT_RETURN_TYPE = YES_ERROR;
				GCC_WARN_UNDECLARED_SELECTOR = YES;
				GCC_WARN_UNINITIALIZED_AUTOS = YES_AGGRESSIVE;
				GCC_WARN_UNUSED_FUNCTION = YES;
				GCC_WARN_UNUSED_VARIABLE = YES;
				IPHONEOS_DEPLOYMENT_TARGET = 10.2;
				MTL_ENABLE_DEBUG_INFO = NO;
				SDKROOT = iphoneos;
				SWIFT_OPTIMIZATION_LEVEL = "-Owholemodule";
				VALIDATE_PRODUCT = YES;
			};
			name = Release;
		};
		169362C41E4FBBB500F9B79B /* Debug */ = {
			isa = XCBuildConfiguration;
			buildSettings = {
				ASSETCATALOG_COMPILER_APPICON_NAME = AppIcon;
				DEVELOPMENT_TEAM = U6J58C8CJT;
				INFOPLIST_FILE = Bundled/Info.plist;
				LD_RUNPATH_SEARCH_PATHS = "$(inherited) @executable_path/Frameworks";
				PRODUCT_BUNDLE_IDENTIFIER = duke.edu.sizhang.Bundled;
				PRODUCT_NAME = "$(TARGET_NAME)";
				SWIFT_VERSION = 3.0;
			};
			name = Debug;
		};
		169362C51E4FBBB500F9B79B /* Release */ = {
			isa = XCBuildConfiguration;
			buildSettings = {
				ASSETCATALOG_COMPILER_APPICON_NAME = AppIcon;
				DEVELOPMENT_TEAM = U6J58C8CJT;
				INFOPLIST_FILE = Bundled/Info.plist;
				LD_RUNPATH_SEARCH_PATHS = "$(inherited) @executable_path/Frameworks";
				PRODUCT_BUNDLE_IDENTIFIER = duke.edu.sizhang.Bundled;
				PRODUCT_NAME = "$(TARGET_NAME)";
				SWIFT_VERSION = 3.0;
			};
			name = Release;
		};
/* End XCBuildConfiguration section */

/* Begin XCConfigurationList section */
		169362AC1E4FBBB500F9B79B /* Build configuration list for PBXProject "Bundled" */ = {
			isa = XCConfigurationList;
			buildConfigurations = (
				169362C11E4FBBB500F9B79B /* Debug */,
				169362C21E4FBBB500F9B79B /* Release */,
			);
			defaultConfigurationIsVisible = 0;
			defaultConfigurationName = Release;
		};
		169362C31E4FBBB500F9B79B /* Build configuration list for PBXNativeTarget "Bundled" */ = {
			isa = XCConfigurationList;
			buildConfigurations = (
				169362C41E4FBBB500F9B79B /* Debug */,
				169362C51E4FBBB500F9B79B /* Release */,
			);
			defaultConfigurationIsVisible = 0;
			defaultConfigurationName = Release;
		};
/* End XCConfigurationList section */
	};
	rootObject = 169362A91E4FBBB500F9B79B /* Project object */;
}
